
Microsoft Visual Studio Solution File, Format Version 12.00
# Visual Studio Version 16
VisualStudioVersion = 16.0.31112.23
MinimumVisualStudioVersion = 10.0.40219.1
Project("{2150E333-8FDC-42A3-9474-1A3956D46DE8}") = "API", "API", "{EFEEBCAE-4FBD-4460-89DA-21CE2F893833}"
EndProject
Project("{9A19103F-16F7-4668-BE54-9A1E7A4F7556}") = "HairdressingApi", "..\HairdressingApi\HairdressingApi.csproj", "{C1D72E12-FD35-4585-9CCC-49BF8D2F1326}"
EndProject
Project("{2150E333-8FDC-42A3-9474-1A3956D46DE8}") = "Helpers", "Helpers", "{90CF2561-7ED8-48A5-B3FC-AB1E03F48B8B}"
EndProject
Project("{9A19103F-16F7-4668-BE54-9A1E7A4F7556}") = "EntityHelper", "EntityHelper\EntityHelper.csproj", "{1EBFFA45-7FC5-4EBD-A418-115838F8EE6E}"
EndProject
Project("{2150E333-8FDC-42A3-9474-1A3956D46DE8}") = "Domain", "Domain", "{792E307C-1CFC-468A-BD68-00FDE550B8D2}"
EndProject
Project("{9A19103F-16F7-4668-BE54-9A1E7A4F7556}") = "Domain", "Domain\Domain.csproj", "{6F67356E-6E75-4B92-BB5F-D733B1BB0613}"
EndProject
Project("{9A19103F-16F7-4668-BE54-9A1E7A4F7556}") = "ConfigurationHelper", "ConfigurationHelper\ConfigurationHelper.csproj", "{68D526D7-75BC-40D6-B3B3-B4BC85D0AC13}"
EndProject
Project("{2150E333-8FDC-42A3-9474-1A3956D46DE8}") = "Repositories", "Repositories", "{B5369A5C-219A-448E-843D-DF991AE1D97D}"
EndProject
Project("{9A19103F-16F7-4668-BE54-9A1E7A4F7556}") = "Repositories", "Repositories\Repositories.csproj", "{4D888BA6-E206-4FEA-AA4E-8CB04B4B290B}"
EndProject
Project("{2150E333-8FDC-42A3-9474-1A3956D46DE8}") = "Logger", "Logger", "{1566FD2E-C208-4504-A56F-956455C38274}"
EndProject
Project("{9A19103F-16F7-4668-BE54-9A1E7A4F7556}") = "Logger", "Logger\Logger.csproj", "{26122813-70F4-49BF-83AD-7E49826066A5}"
EndProject
Project("{2150E333-8FDC-42A3-9474-1A3956D46DE8}") = "Testers", "Testers", "{0635ECBE-76BA-4E71-AF49-2551952E6325}"
EndProject
Project("{9A19103F-16F7-4668-BE54-9A1E7A4F7556}") = "LoggerTester", "LoggerTester\LoggerTester.csproj", "{06588454-97CB-4CF8-A2C1-975FEFFDBF9B}"
EndProject
Project("{2150E333-8FDC-42A3-9474-1A3956D46DE8}") = "Auth", "Auth", "{AFD10E16-49C5-4729-91EA-3D069EC6E3C7}"
EndProject
Project("{9A19103F-16F7-4668-BE54-9A1E7A4F7556}") = "ApiKeyAuth", "ApiKeyAuth\ApiKeyAuth.csproj", "{BF81B7DB-FE79-4AD0-92FF-67431F582C81}"
EndProject
Project("{9A19103F-16F7-4668-BE54-9A1E7A4F7556}") = "Enums", "Enums\Enums.csproj", "{3E79248F-E3C8-4B88-89C7-C1E9CB879474}"
EndProject
Project("{2150E333-8FDC-42A3-9474-1A3956D46DE8}") = "Client", "Client", "{F6FC4B0A-231C-4D64-A80E-6A8043B81B20}"
EndProject
Project("{9A19103F-16F7-4668-BE54-9A1E7A4F7556}") = "HairdressingMVC", "HairdressingMVC\HairdressingMVC.csproj", "{0BBB24B2-4FEE-4FDB-AFCC-D7BA458E4645}"
EndProject
Project("{FAE04EC0-301F-11D3-BF4B-00C04F79EFBC}") = "WebApiClientHelpers", "WebApiClientHelpers\WebApiClientHelpers.csproj", "{A7359027-2715-4E8F-896B-B0CC8030166D}"
EndProject
Project("{2150E333-8FDC-42A3-9474-1A3956D46DE8}") = "SignalR", "SignalR", "{DF098F61-D363-4AB5-8838-186A522977EE}"
EndProject
Global
	GlobalSection(SolutionConfigurationPlatforms) = preSolution
		Debug|Any CPU = Debug|Any CPU
		Release|Any CPU = Release|Any CPU
	EndGlobalSection
	GlobalSection(ProjectConfigurationPlatforms) = postSolution
		{C1D72E12-FD35-4585-9CCC-49BF8D2F1326}.Debug|Any CPU.ActiveCfg = Debug|Any CPU
		{C1D72E12-FD35-4585-9CCC-49BF8D2F1326}.Debug|Any CPU.Build.0 = Debug|Any CPU
		{C1D72E12-FD35-4585-9CCC-49BF8D2F1326}.Release|Any CPU.ActiveCfg = Release|Any CPU
		{C1D72E12-FD35-4585-9CCC-49BF8D2F1326}.Release|Any CPU.Build.0 = Release|Any CPU
		{1EBFFA45-7FC5-4EBD-A418-115838F8EE6E}.Debug|Any CPU.ActiveCfg = Debug|Any CPU
		{1EBFFA45-7FC5-4EBD-A418-115838F8EE6E}.Debug|Any CPU.Build.0 = Debug|Any CPU
		{1EBFFA45-7FC5-4EBD-A418-115838F8EE6E}.Release|Any CPU.ActiveCfg = Release|Any CPU
		{1EBFFA45-7FC5-4EBD-A418-115838F8EE6E}.Release|Any CPU.Build.0 = Release|Any CPU
		{6F67356E-6E75-4B92-BB5F-D733B1BB0613}.Debug|Any CPU.ActiveCfg = Debug|Any CPU
		{6F67356E-6E75-4B92-BB5F-D733B1BB0613}.Debug|Any CPU.Build.0 = Debug|Any CPU
		{6F67356E-6E75-4B92-BB5F-D733B1BB0613}.Release|Any CPU.ActiveCfg = Release|Any CPU
		{6F67356E-6E75-4B92-BB5F-D733B1BB0613}.Release|Any CPU.Build.0 = Release|Any CPU
		{68D526D7-75BC-40D6-B3B3-B4BC85D0AC13}.Debug|Any CPU.ActiveCfg = Debug|Any CPU
		{68D526D7-75BC-40D6-B3B3-B4BC85D0AC13}.Debug|Any CPU.Build.0 = Debug|Any CPU
		{68D526D7-75BC-40D6-B3B3-B4BC85D0AC13}.Release|Any CPU.ActiveCfg = Release|Any CPU
		{68D526D7-75BC-40D6-B3B3-B4BC85D0AC13}.Release|Any CPU.Build.0 = Release|Any CPU
		{4D888BA6-E206-4FEA-AA4E-8CB04B4B290B}.Debug|Any CPU.ActiveCfg = Debug|Any CPU
		{4D888BA6-E206-4FEA-AA4E-8CB04B4B290B}.Debug|Any CPU.Build.0 = Debug|Any CPU
		{4D888BA6-E206-4FEA-AA4E-8CB04B4B290B}.Release|Any CPU.ActiveCfg = Release|Any CPU
		{4D888BA6-E206-4FEA-AA4E-8CB04B4B290B}.Release|Any CPU.Build.0 = Release|Any CPU
		{26122813-70F4-49BF-83AD-7E49826066A5}.Debug|Any CPU.ActiveCfg = Debug|Any CPU
		{26122813-70F4-49BF-83AD-7E49826066A5}.Debug|Any CPU.Build.0 = Debug|Any CPU
		{26122813-70F4-49BF-83AD-7E49826066A5}.Release|Any CPU.ActiveCfg = Release|Any CPU
		{26122813-70F4-49BF-83AD-7E49826066A5}.Release|Any CPU.Build.0 = Release|Any CPU
		{06588454-97CB-4CF8-A2C1-975FEFFDBF9B}.Debug|Any CPU.ActiveCfg = Debug|Any CPU
		{06588454-97CB-4CF8-A2C1-975FEFFDBF9B}.Debug|Any CPU.Build.0 = Debug|Any CPU
		{06588454-97CB-4CF8-A2C1-975FEFFDBF9B}.Release|Any CPU.ActiveCfg = Release|Any CPU
		{06588454-97CB-4CF8-A2C1-975FEFFDBF9B}.Release|Any CPU.Build.0 = Release|Any CPU
		{BF81B7DB-FE79-4AD0-92FF-67431F582C81}.Debug|Any CPU.ActiveCfg = Debug|Any CPU
		{BF81B7DB-FE79-4AD0-92FF-67431F582C81}.Debug|Any CPU.Build.0 = Debug|Any CPU
		{BF81B7DB-FE79-4AD0-92FF-67431F582C81}.Release|Any CPU.ActiveCfg = Release|Any CPU
		{BF81B7DB-FE79-4AD0-92FF-67431F582C81}.Release|Any CPU.Build.0 = Release|Any CPU
		{3E79248F-E3C8-4B88-89C7-C1E9CB879474}.Debug|Any CPU.ActiveCfg = Debug|Any CPU
		{3E79248F-E3C8-4B88-89C7-C1E9CB879474}.Debug|Any CPU.Build.0 = Debug|Any CPU
		{3E79248F-E3C8-4B88-89C7-C1E9CB879474}.Release|Any CPU.ActiveCfg = Release|Any CPU
		{3E79248F-E3C8-4B88-89C7-C1E9CB879474}.Release|Any CPU.Build.0 = Release|Any CPU
		{0BBB24B2-4FEE-4FDB-AFCC-D7BA458E4645}.Debug|Any CPU.ActiveCfg = Debug|Any CPU
		{0BBB24B2-4FEE-4FDB-AFCC-D7BA458E4645}.Debug|Any CPU.Build.0 = Debug|Any CPU
		{0BBB24B2-4FEE-4FDB-AFCC-D7BA458E4645}.Release|Any CPU.ActiveCfg = Release|Any CPU
		{0BBB24B2-4FEE-4FDB-AFCC-D7BA458E4645}.Release|Any CPU.Build.0 = Release|Any CPU
		{A7359027-2715-4E8F-896B-B0CC8030166D}.Debug|Any CPU.ActiveCfg = Debug|Any CPU
		{A7359027-2715-4E8F-896B-B0CC8030166D}.Debug|Any CPU.Build.0 = Debug|Any CPU
		{A7359027-2715-4E8F-896B-B0CC8030166D}.Release|Any CPU.ActiveCfg = Release|Any CPU
		{A7359027-2715-4E8F-896B-B0CC8030166D}.Release|Any CPU.Build.0 = Release|Any CPU
	EndGlobalSection
	GlobalSection(SolutionProperties) = preSolution
		HideSolutionNode = FALSE
	EndGlobalSection
	GlobalSection(NestedProjects) = preSolution
		{C1D72E12-FD35-4585-9CCC-49BF8D2F1326} = {EFEEBCAE-4FBD-4460-89DA-21CE2F893833}
		{1EBFFA45-7FC5-4EBD-A418-115838F8EE6E} = {90CF2561-7ED8-48A5-B3FC-AB1E03F48B8B}
		{6F67356E-6E75-4B92-BB5F-D733B1BB0613} = {792E307C-1CFC-468A-BD68-00FDE550B8D2}
		{68D526D7-75BC-40D6-B3B3-B4BC85D0AC13} = {90CF2561-7ED8-48A5-B3FC-AB1E03F48B8B}
		{4D888BA6-E206-4FEA-AA4E-8CB04B4B290B} = {B5369A5C-219A-448E-843D-DF991AE1D97D}
		{26122813-70F4-49BF-83AD-7E49826066A5} = {1566FD2E-C208-4504-A56F-956455C38274}
		{06588454-97CB-4CF8-A2C1-975FEFFDBF9B} = {0635ECBE-76BA-4E71-AF49-2551952E6325}
		{BF81B7DB-FE79-4AD0-92FF-67431F582C81} = {AFD10E16-49C5-4729-91EA-3D069EC6E3C7}
		{3E79248F-E3C8-4B88-89C7-C1E9CB879474} = {90CF2561-7ED8-48A5-B3FC-AB1E03F48B8B}
		{0BBB24B2-4FEE-4FDB-AFCC-D7BA458E4645} = {F6FC4B0A-231C-4D64-A80E-6A8043B81B20}
		{A7359027-2715-4E8F-896B-B0CC8030166D} = {90CF2561-7ED8-48A5-B3FC-AB1E03F48B8B}
	EndGlobalSection
	GlobalSection(ExtensibilityGlobals) = postSolution
		SolutionGuid = {5B19D577-0023-4701-A0A3-89E6C9FA3A07}
	EndGlobalSection
EndGlobal
